
Microsoft Visual Studio Solution File, Format Version 12.00
# Visual Studio Version 17
VisualStudioVersion = 17.12.35728.132
MinimumVisualStudioVersion = 10.0.40219.1
Project("{FAE04EC0-301F-11D3-BF4B-00C04F79EFBC}") = "Abstracciones", "Abstracciones\Abstracciones.csproj", "{1B38F5C1-0912-4756-9492-3AB71964A064}"
EndProject
Project("{00D1A9C2-B5F0-4AF3-8072-F6C62B433612}") = "BD", "BD\BD.sqlproj", "{1E8AFB63-C30A-4234-85E8-1D5B8734F324}"
EndProject
Project("{FAE04EC0-301F-11D3-BF4B-00C04F79EFBC}") = "DA", "DA\DA.csproj", "{9D80B07E-D511-4631-9709-0B7DE78F006A}"
	ProjectSection(ProjectDependencies) = postProject
		{1B38F5C1-0912-4756-9492-3AB71964A064} = {1B38F5C1-0912-4756-9492-3AB71964A064}
	EndProjectSection
EndProject
Project("{FAE04EC0-301F-11D3-BF4B-00C04F79EFBC}") = "Flujo", "Flujo\Flujo.csproj", "{4237263D-6D95-4A53-B766-06CD3BF686CA}"
	ProjectSection(ProjectDependencies) = postProject
		{1B38F5C1-0912-4756-9492-3AB71964A064} = {1B38F5C1-0912-4756-9492-3AB71964A064}
		{9D80B07E-D511-4631-9709-0B7DE78F006A} = {9D80B07E-D511-4631-9709-0B7DE78F006A}
	EndProjectSection
EndProject
Project("{FAE04EC0-301F-11D3-BF4B-00C04F79EFBC}") = "Servicios", "Servicios\Servicios.csproj", "{FFA4E71C-DBD7-4DD5-95B5-EC52320E006F}"
EndProject
Project("{FAE04EC0-301F-11D3-BF4B-00C04F79EFBC}") = "Reglas", "Reglas\Reglas.csproj", "{908F8FB0-3EAF-41DA-8F78-8F09C2FCF07C}"
EndProject
Project("{FAE04EC0-301F-11D3-BF4B-00C04F79EFBC}") = "API", "API\API.csproj", "{5ACDFC67-95BC-4421-AA41-C6F9D77538E9}"
	ProjectSection(ProjectDependencies) = postProject
		{1B38F5C1-0912-4756-9492-3AB71964A064} = {1B38F5C1-0912-4756-9492-3AB71964A064}
		{4237263D-6D95-4A53-B766-06CD3BF686CA} = {4237263D-6D95-4A53-B766-06CD3BF686CA}
		{908F8FB0-3EAF-41DA-8F78-8F09C2FCF07C} = {908F8FB0-3EAF-41DA-8F78-8F09C2FCF07C}
		{FFA4E71C-DBD7-4DD5-95B5-EC52320E006F} = {FFA4E71C-DBD7-4DD5-95B5-EC52320E006F}
	EndProjectSection
EndProject
Global
	GlobalSection(SolutionConfigurationPlatforms) = preSolution
		Debug|Any CPU = Debug|Any CPU
		Release|Any CPU = Release|Any CPU
	EndGlobalSection
	GlobalSection(ProjectConfigurationPlatforms) = postSolution
		{1B38F5C1-0912-4756-9492-3AB71964A064}.Debug|Any CPU.ActiveCfg = Debug|Any CPU
		{1B38F5C1-0912-4756-9492-3AB71964A064}.Debug|Any CPU.Build.0 = Debug|Any CPU
		{1B38F5C1-0912-4756-9492-3AB71964A064}.Release|Any CPU.ActiveCfg = Release|Any CPU
		{1B38F5C1-0912-4756-9492-3AB71964A064}.Release|Any CPU.Build.0 = Release|Any CPU
		{1E8AFB63-C30A-4234-85E8-1D5B8734F324}.Debug|Any CPU.ActiveCfg = Debug|Any CPU
		{1E8AFB63-C30A-4234-85E8-1D5B8734F324}.Debug|Any CPU.Build.0 = Debug|Any CPU
		{1E8AFB63-C30A-4234-85E8-1D5B8734F324}.Debug|Any CPU.Deploy.0 = Debug|Any CPU
		{1E8AFB63-C30A-4234-85E8-1D5B8734F324}.Release|Any CPU.ActiveCfg = Release|Any CPU
		{1E8AFB63-C30A-4234-85E8-1D5B8734F324}.Release|Any CPU.Build.0 = Release|Any CPU
		{1E8AFB63-C30A-4234-85E8-1D5B8734F324}.Release|Any CPU.Deploy.0 = Release|Any CPU
		{9D80B07E-D511-4631-9709-0B7DE78F006A}.Debug|Any CPU.ActiveCfg = Debug|Any CPU
		{9D80B07E-D511-4631-9709-0B7DE78F006A}.Debug|Any CPU.Build.0 = Debug|Any CPU
		{9D80B07E-D511-4631-9709-0B7DE78F006A}.Release|Any CPU.ActiveCfg = Release|Any CPU
		{9D80B07E-D511-4631-9709-0B7DE78F006A}.Release|Any CPU.Build.0 = Release|Any CPU
		{4237263D-6D95-4A53-B766-06CD3BF686CA}.Debug|Any CPU.ActiveCfg = Debug|Any CPU
		{4237263D-6D95-4A53-B766-06CD3BF686CA}.Debug|Any CPU.Build.0 = Debug|Any CPU
		{4237263D-6D95-4A53-B766-06CD3BF686CA}.Release|Any CPU.ActiveCfg = Release|Any CPU
		{4237263D-6D95-4A53-B766-06CD3BF686CA}.Release|Any CPU.Build.0 = Release|Any CPU
		{FFA4E71C-DBD7-4DD5-95B5-EC52320E006F}.Debug|Any CPU.ActiveCfg = Debug|Any CPU
		{FFA4E71C-DBD7-4DD5-95B5-EC52320E006F}.Debug|Any CPU.Build.0 = Debug|Any CPU
		{FFA4E71C-DBD7-4DD5-95B5-EC52320E006F}.Release|Any CPU.ActiveCfg = Release|Any CPU
		{FFA4E71C-DBD7-4DD5-95B5-EC52320E006F}.Release|Any CPU.Build.0 = Release|Any CPU
		{908F8FB0-3EAF-41DA-8F78-8F09C2FCF07C}.Debug|Any CPU.ActiveCfg = Debug|Any CPU
		{908F8FB0-3EAF-41DA-8F78-8F09C2FCF07C}.Debug|Any CPU.Build.0 = Debug|Any CPU
		{908F8FB0-3EAF-41DA-8F78-8F09C2FCF07C}.Release|Any CPU.ActiveCfg = Release|Any CPU
		{908F8FB0-3EAF-41DA-8F78-8F09C2FCF07C}.Release|Any CPU.Build.0 = Release|Any CPU
		{5ACDFC67-95BC-4421-AA41-C6F9D77538E9}.Debug|Any CPU.ActiveCfg = Debug|Any CPU
		{5ACDFC67-95BC-4421-AA41-C6F9D77538E9}.Debug|Any CPU.Build.0 = Debug|Any CPU
		{5ACDFC67-95BC-4421-AA41-C6F9D77538E9}.Release|Any CPU.ActiveCfg = Release|Any CPU
		{5ACDFC67-95BC-4421-AA41-C6F9D77538E9}.Release|Any CPU.Build.0 = Release|Any CPU
	EndGlobalSection
	GlobalSection(SolutionProperties) = preSolution
		HideSolutionNode = FALSE
	EndGlobalSection
EndGlobal
